sdk: ^2.0.0-alpha.188.1
prefixes:
  lockfile: ..
packages:
  ..:
    path: ..
    prefixes:
      fs: pkg-fs
      host: pkg-host
  pkg-fs:
    url: github.com/toitlang/pkg-fs
    name: fs
    version: 2.3.1
    hash: 60836d4500317af2093d59d50c117d612c33f1fa
    prefixes:
      host: pkg-host
  pkg-host:
    url: github.com/toitlang/pkg-host
    name: host
    version: 1.17.0
    hash: 05a26b5fa1cc73dc64a5e9cc16c40ae5aa24e0fb
